
Microsoft Visual Studio Solution File, Format Version 12.00
# Visual Studio Version 17
VisualStudioVersion = 17.14.36203.30 d17.14
MinimumVisualStudioVersion = 10.0.40219.1
Project("{FAE04EC0-301F-11D3-BF4B-00C04F79EFBC}") = "Section4", "Section4.csproj", "{03415462-1364-434E-AC3C-60AD576BC813}"
EndProject
Global
	GlobalSection(SolutionConfigurationPlatforms) = preSolution
		Debug|Any CPU = Debug|Any CPU
		Release|Any CPU = Release|Any CPU
	EndGlobalSection
	GlobalSection(ProjectConfigurationPlatforms) = postSolution
		{03415462-1364-434E-AC3C-60AD576BC813}.Debug|Any CPU.ActiveCfg = Debug|Any CPU
		{03415462-1364-434E-AC3C-60AD576BC813}.Debug|Any CPU.Build.0 = Debug|Any CPU
		{03415462-1364-434E-AC3C-60AD576BC813}.Release|Any CPU.ActiveCfg = Release|Any CPU
		{03415462-1364-434E-AC3C-60AD576BC813}.Release|Any CPU.Build.0 = Release|Any CPU
	EndGlobalSection
	GlobalSection(SolutionProperties) = preSolution
		HideSolutionNode = FALSE
	EndGlobalSection
	GlobalSection(ExtensibilityGlobals) = postSolution
		SolutionGuid = {A10A2D01-9BBC-4E46-8C90-8A86A2FCE476}
	EndGlobalSection
EndGlobal
