
Microsoft Visual Studio Solution File, Format Version 12.00
# Visual Studio Version 17
VisualStudioVersion = 17.14.36203.30 d17.14
MinimumVisualStudioVersion = 10.0.40219.1
Project("{FAE04EC0-301F-11D3-BF4B-00C04F79EFBC}") = "Section18", "Section18.csproj", "{2ABC29A2-3A5C-4B4D-B927-24F38359A393}"
EndProject
Project("{FAE04EC0-301F-11D3-BF4B-00C04F79EFBC}") = "DataAccessLayer", "..\DataAccessLayer\DataAccessLayer.csproj", "{6F89333E-3F6C-4213-9A8D-EF0D3BC0A691}"
EndProject
Global
	GlobalSection(SolutionConfigurationPlatforms) = preSolution
		Debug|Any CPU = Debug|Any CPU
		Release|Any CPU = Release|Any CPU
	EndGlobalSection
	GlobalSection(ProjectConfigurationPlatforms) = postSolution
		{2ABC29A2-3A5C-4B4D-B927-24F38359A393}.Debug|Any CPU.ActiveCfg = Debug|Any CPU
		{2ABC29A2-3A5C-4B4D-B927-24F38359A393}.Debug|Any CPU.Build.0 = Debug|Any CPU
		{2ABC29A2-3A5C-4B4D-B927-24F38359A393}.Release|Any CPU.ActiveCfg = Release|Any CPU
		{2ABC29A2-3A5C-4B4D-B927-24F38359A393}.Release|Any CPU.Build.0 = Release|Any CPU
		{6F89333E-3F6C-4213-9A8D-EF0D3BC0A691}.Debug|Any CPU.ActiveCfg = Debug|Any CPU
		{6F89333E-3F6C-4213-9A8D-EF0D3BC0A691}.Debug|Any CPU.Build.0 = Debug|Any CPU
		{6F89333E-3F6C-4213-9A8D-EF0D3BC0A691}.Release|Any CPU.ActiveCfg = Release|Any CPU
		{6F89333E-3F6C-4213-9A8D-EF0D3BC0A691}.Release|Any CPU.Build.0 = Release|Any CPU
	EndGlobalSection
	GlobalSection(SolutionProperties) = preSolution
		HideSolutionNode = FALSE
	EndGlobalSection
	GlobalSection(ExtensibilityGlobals) = postSolution
		SolutionGuid = {44E4FD3C-0765-4BF0-AB57-B334545D5194}
	EndGlobalSection
EndGlobal
